
Microsoft Visual Studio Solution File, Format Version 12.00
# Visual Studio Version 17
VisualStudioVersion = 17.0.31903.59
MinimumVisualStudioVersion = 10.0.40219.1
Project("{2150E333-8FDC-42A3-9474-1A3956D46DE8}") = "src", "src", "{C78E3E76-38AA-4341-83C1-DC40F5035BA5}"
EndProject
Project("{FAE04EC0-301F-11D3-BF4B-00C04F79EFBC}") = "Clivus.Core", "src\Clivus.Core\Clivus.Core.csproj", "{6953AF12-374B-4DC3-9611-A42C29E77A4A}"
EndProject
Project("{FAE04EC0-301F-11D3-BF4B-00C04F79EFBC}") = "Clivus.Geo", "src\Clivus.Geo\Clivus.Geo.csproj", "{62209AE9-53B8-487D-8563-430FB5F8C568}"
EndProject
Project("{FAE04EC0-301F-11D3-BF4B-00C04F79EFBC}") = "Clivus.Cli", "src\Clivus.Cli\Clivus.Cli.csproj", "{C1D322A7-2EBC-4D62-A63B-731FD1431267}"
EndProject
Project("{FAE04EC0-301F-11D3-BF4B-00C04F79EFBC}") = "Clivus.Plugin", "src\Clivus.Plugin\Clivus.Plugin.csproj", "{0E7F8CAB-8258-402D-BEB9-969306444D99}"
EndProject
Project("{2150E333-8FDC-42A3-9474-1A3956D46DE8}") = "tests", "tests", "{813D5E99-B847-436E-8FFF-236C7690E7A5}"
EndProject
Project("{FAE04EC0-301F-11D3-BF4B-00C04F79EFBC}") = "Clivus.Core.Tests", "tests\Clivus.Core.Tests\Clivus.Core.Tests.csproj", "{9BC2A419-99A9-4921-964A-3BAF442F00F7}"
EndProject
Project("{FAE04EC0-301F-11D3-BF4B-00C04F79EFBC}") = "Clivus.Geo.Tests", "tests\Clivus.Geo.Tests\Clivus.Geo.Tests.csproj", "{945DF7BB-0318-4045-A5A2-55E8EBDE1580}"
EndProject
Project("{FAE04EC0-301F-11D3-BF4B-00C04F79EFBC}") = "Clivus.Instalador", "src\Clivus.Instalador\Clivus.Instalador.csproj", "{325CCF42-6E3F-40A6-9B6D-5B9184540C8F}"
EndProject
Global
	GlobalSection(SolutionConfigurationPlatforms) = preSolution
		Debug|Any CPU = Debug|Any CPU
		Release|Any CPU = Release|Any CPU
	EndGlobalSection
	GlobalSection(SolutionProperties) = preSolution
		HideSolutionNode = FALSE
	EndGlobalSection
	GlobalSection(ProjectConfigurationPlatforms) = postSolution
		{6953AF12-374B-4DC3-9611-A42C29E77A4A}.Debug|Any CPU.ActiveCfg = Debug|Any CPU
		{6953AF12-374B-4DC3-9611-A42C29E77A4A}.Debug|Any CPU.Build.0 = Debug|Any CPU
		{6953AF12-374B-4DC3-9611-A42C29E77A4A}.Release|Any CPU.ActiveCfg = Release|Any CPU
		{6953AF12-374B-4DC3-9611-A42C29E77A4A}.Release|Any CPU.Build.0 = Release|Any CPU
		{62209AE9-53B8-487D-8563-430FB5F8C568}.Debug|Any CPU.ActiveCfg = Debug|Any CPU
		{62209AE9-53B8-487D-8563-430FB5F8C568}.Debug|Any CPU.Build.0 = Debug|Any CPU
		{62209AE9-53B8-487D-8563-430FB5F8C568}.Release|Any CPU.ActiveCfg = Release|Any CPU
		{62209AE9-53B8-487D-8563-430FB5F8C568}.Release|Any CPU.Build.0 = Release|Any CPU
		{C1D322A7-2EBC-4D62-A63B-731FD1431267}.Debug|Any CPU.ActiveCfg = Debug|Any CPU
		{C1D322A7-2EBC-4D62-A63B-731FD1431267}.Debug|Any CPU.Build.0 = Debug|Any CPU
		{C1D322A7-2EBC-4D62-A63B-731FD1431267}.Release|Any CPU.ActiveCfg = Release|Any CPU
		{C1D322A7-2EBC-4D62-A63B-731FD1431267}.Release|Any CPU.Build.0 = Release|Any CPU
		{0E7F8CAB-8258-402D-BEB9-969306444D99}.Debug|Any CPU.ActiveCfg = Debug|Any CPU
		{0E7F8CAB-8258-402D-BEB9-969306444D99}.Debug|Any CPU.Build.0 = Debug|Any CPU
		{0E7F8CAB-8258-402D-BEB9-969306444D99}.Release|Any CPU.ActiveCfg = Release|Any CPU
		{0E7F8CAB-8258-402D-BEB9-969306444D99}.Release|Any CPU.Build.0 = Release|Any CPU
		{9BC2A419-99A9-4921-964A-3BAF442F00F7}.Debug|Any CPU.ActiveCfg = Debug|Any CPU
		{9BC2A419-99A9-4921-964A-3BAF442F00F7}.Debug|Any CPU.Build.0 = Debug|Any CPU
		{9BC2A419-99A9-4921-964A-3BAF442F00F7}.Release|Any CPU.ActiveCfg = Release|Any CPU
		{9BC2A419-99A9-4921-964A-3BAF442F00F7}.Release|Any CPU.Build.0 = Release|Any CPU
		{945DF7BB-0318-4045-A5A2-55E8EBDE1580}.Debug|Any CPU.ActiveCfg = Debug|Any CPU
		{945DF7BB-0318-4045-A5A2-55E8EBDE1580}.Debug|Any CPU.Build.0 = Debug|Any CPU
		{945DF7BB-0318-4045-A5A2-55E8EBDE1580}.Release|Any CPU.ActiveCfg = Release|Any CPU
		{945DF7BB-0318-4045-A5A2-55E8EBDE1580}.Release|Any CPU.Build.0 = Release|Any CPU
		{325CCF42-6E3F-40A6-9B6D-5B9184540C8F}.Debug|Any CPU.ActiveCfg = Debug|Any CPU
		{325CCF42-6E3F-40A6-9B6D-5B9184540C8F}.Debug|Any CPU.Build.0 = Debug|Any CPU
		{325CCF42-6E3F-40A6-9B6D-5B9184540C8F}.Release|Any CPU.ActiveCfg = Release|Any CPU
		{325CCF42-6E3F-40A6-9B6D-5B9184540C8F}.Release|Any CPU.Build.0 = Release|Any CPU
	EndGlobalSection
	GlobalSection(NestedProjects) = preSolution
		{6953AF12-374B-4DC3-9611-A42C29E77A4A} = {C78E3E76-38AA-4341-83C1-DC40F5035BA5}
		{62209AE9-53B8-487D-8563-430FB5F8C568} = {C78E3E76-38AA-4341-83C1-DC40F5035BA5}
		{C1D322A7-2EBC-4D62-A63B-731FD1431267} = {C78E3E76-38AA-4341-83C1-DC40F5035BA5}
		{0E7F8CAB-8258-402D-BEB9-969306444D99} = {C78E3E76-38AA-4341-83C1-DC40F5035BA5}
		{9BC2A419-99A9-4921-964A-3BAF442F00F7} = {813D5E99-B847-436E-8FFF-236C7690E7A5}
		{945DF7BB-0318-4045-A5A2-55E8EBDE1580} = {813D5E99-B847-436E-8FFF-236C7690E7A5}
		{325CCF42-6E3F-40A6-9B6D-5B9184540C8F} = {C78E3E76-38AA-4341-83C1-DC40F5035BA5}
	EndGlobalSection
EndGlobal
